
Microsoft Visual Studio Solution File, Format Version 12.00
# Visual Studio Version 17
VisualStudioVersion = 17.9.34902.65
MinimumVisualStudioVersion = 10.0.40219.1
Project("{9A19103F-16F7-4668-BE54-9A1E7A4F7556}") = "TccRewritenCsharp.Infrastructure", "TccRewritenCsharp.Infrastructure\TccRewritenCsharp.Infrastructure.csproj", "{7D77190E-C202-4225-97D9-F8326FDEE1C3}"
EndProject
Project("{9A19103F-16F7-4668-BE54-9A1E7A4F7556}") = "TccRewritenCsharp.Exceptions", "TccRewritenCsharp.Exceptions\TccRewritenCsharp.Exceptions.csproj", "{23851A27-BC89-4903-8D11-2E112A5F73AE}"
EndProject
Project("{9A19103F-16F7-4668-BE54-9A1E7A4F7556}") = "TccRewritenCsharp.Communication", "TccRewritenCsharp.Communication\TccRewritenCsharp.Communication.csproj", "{DE127888-6AB2-47B6-9F9E-528891B8205A}"
EndProject
Project("{9A19103F-16F7-4668-BE54-9A1E7A4F7556}") = "TccRewritenCsharp.Application", "TccRewritenCsharp.Application\TccRewritenCsharp.Application.csproj", "{3BAB8348-0D90-435D-8899-F13E559718BC}"
EndProject
Project("{9A19103F-16F7-4668-BE54-9A1E7A4F7556}") = "TccRewritenCsharp.API", "TccRewritenCsharp.API\TccRewritenCsharp.API.csproj", "{24773E23-149E-41E3-A2D5-F022E45E198A}"
	ProjectSection(ProjectDependencies) = postProject
		{23851A27-BC89-4903-8D11-2E112A5F73AE} = {23851A27-BC89-4903-8D11-2E112A5F73AE}
	EndProjectSection
EndProject
Project("{9A19103F-16F7-4668-BE54-9A1E7A4F7556}") = "TccRewritenCsharp.Test", "TccRewritenCsharp.Test\TccRewritenCsharp.Test.csproj", "{8C8F56DA-ACA1-4E4F-A4C5-10E312A64824}"
EndProject
Global
	GlobalSection(SolutionConfigurationPlatforms) = preSolution
		Debug|Any CPU = Debug|Any CPU
		Release|Any CPU = Release|Any CPU
	EndGlobalSection
	GlobalSection(ProjectConfigurationPlatforms) = postSolution
		{7D77190E-C202-4225-97D9-F8326FDEE1C3}.Debug|Any CPU.ActiveCfg = Debug|Any CPU
		{7D77190E-C202-4225-97D9-F8326FDEE1C3}.Debug|Any CPU.Build.0 = Debug|Any CPU
		{7D77190E-C202-4225-97D9-F8326FDEE1C3}.Release|Any CPU.ActiveCfg = Release|Any CPU
		{7D77190E-C202-4225-97D9-F8326FDEE1C3}.Release|Any CPU.Build.0 = Release|Any CPU
		{23851A27-BC89-4903-8D11-2E112A5F73AE}.Debug|Any CPU.ActiveCfg = Debug|Any CPU
		{23851A27-BC89-4903-8D11-2E112A5F73AE}.Debug|Any CPU.Build.0 = Debug|Any CPU
		{23851A27-BC89-4903-8D11-2E112A5F73AE}.Release|Any CPU.ActiveCfg = Release|Any CPU
		{23851A27-BC89-4903-8D11-2E112A5F73AE}.Release|Any CPU.Build.0 = Release|Any CPU
		{DE127888-6AB2-47B6-9F9E-528891B8205A}.Debug|Any CPU.ActiveCfg = Debug|Any CPU
		{DE127888-6AB2-47B6-9F9E-528891B8205A}.Debug|Any CPU.Build.0 = Debug|Any CPU
		{DE127888-6AB2-47B6-9F9E-528891B8205A}.Release|Any CPU.ActiveCfg = Release|Any CPU
		{DE127888-6AB2-47B6-9F9E-528891B8205A}.Release|Any CPU.Build.0 = Release|Any CPU
		{3BAB8348-0D90-435D-8899-F13E559718BC}.Debug|Any CPU.ActiveCfg = Debug|Any CPU
		{3BAB8348-0D90-435D-8899-F13E559718BC}.Debug|Any CPU.Build.0 = Debug|Any CPU
		{3BAB8348-0D90-435D-8899-F13E559718BC}.Release|Any CPU.ActiveCfg = Release|Any CPU
		{3BAB8348-0D90-435D-8899-F13E559718BC}.Release|Any CPU.Build.0 = Release|Any CPU
		{24773E23-149E-41E3-A2D5-F022E45E198A}.Debug|Any CPU.ActiveCfg = Debug|Any CPU
		{24773E23-149E-41E3-A2D5-F022E45E198A}.Debug|Any CPU.Build.0 = Debug|Any CPU
		{24773E23-149E-41E3-A2D5-F022E45E198A}.Release|Any CPU.ActiveCfg = Release|Any CPU
		{24773E23-149E-41E3-A2D5-F022E45E198A}.Release|Any CPU.Build.0 = Release|Any CPU
		{8C8F56DA-ACA1-4E4F-A4C5-10E312A64824}.Debug|Any CPU.ActiveCfg = Debug|Any CPU
		{8C8F56DA-ACA1-4E4F-A4C5-10E312A64824}.Debug|Any CPU.Build.0 = Debug|Any CPU
		{8C8F56DA-ACA1-4E4F-A4C5-10E312A64824}.Release|Any CPU.ActiveCfg = Release|Any CPU
		{8C8F56DA-ACA1-4E4F-A4C5-10E312A64824}.Release|Any CPU.Build.0 = Release|Any CPU
	EndGlobalSection
	GlobalSection(SolutionProperties) = preSolution
		HideSolutionNode = FALSE
	EndGlobalSection
	GlobalSection(ExtensibilityGlobals) = postSolution
		SolutionGuid = {718E9EBF-E557-48D2-AB5F-E20C451B25E7}
	EndGlobalSection
EndGlobal
